// !$*UTF8*$!
{
	archiveVersion = 1;
	classes = {
	};
	objectVersion = 50;
	objects = {

/* Begin PBXBuildFile section */
		497B6D5C237B1FD60025FDA6 /* AppDelegate.swift in Sources */ = {isa = PBXBuildFile; fileRef = 497B6D5B237B1FD60025FDA6 /* AppDelegate.swift */; };
		497B6D5E237B1FD60025FDA6 /* ViewController.swift in Sources */ = {isa = PBXBuildFile; fileRef = 497B6D5D237B1FD60025FDA6 /* ViewController.swift */; };
		497B6D61237B1FD60025FDA6 /* Main.storyboard in Resources */ = {isa = PBXBuildFile; fileRef = 497B6D5F237B1FD60025FDA6 /* Main.storyboard */; };
		497B6D64237B1FD60025FDA6 /* GitHub_Searcher.xcdatamodeld in Sources */ = {isa = PBXBuildFile; fileRef = 497B6D62237B1FD60025FDA6 /* GitHub_Searcher.xcdatamodeld */; };
		497B6D66237B1FD80025FDA6 /* Assets.xcassets in Resources */ = {isa = PBXBuildFile; fileRef = 497B6D65237B1FD80025FDA6 /* Assets.xcassets */; };
		497B6D69237B1FD80025FDA6 /* LaunchScreen.storyboard in Resources */ = {isa = PBXBuildFile; fileRef = 497B6D67237B1FD80025FDA6 /* LaunchScreen.storyboard */; };
		497B6D73237B2AF20025FDA6 /* UserViewController.swift in Sources */ = {isa = PBXBuildFile; fileRef = 497B6D72237B2AF20025FDA6 /* UserViewController.swift */; };
		497B6D7C237B45BA0025FDA6 /* UserNameTableViewCell.swift in Sources */ = {isa = PBXBuildFile; fileRef = 497B6D7A237B45BA0025FDA6 /* UserNameTableViewCell.swift */; };
		497B6D7D237B45BA0025FDA6 /* UserNameTableViewCell.xib in Resources */ = {isa = PBXBuildFile; fileRef = 497B6D7B237B45BA0025FDA6 /* UserNameTableViewCell.xib */; };
		49938D61237CACEC00A1F795 /* RepoTableViewCell.swift in Sources */ = {isa = PBXBuildFile; fileRef = 49938D5F237CACEC00A1F795 /* RepoTableViewCell.swift */; };
		49938D62237CACEC00A1F795 /* RepoTableViewCell.xib in Resources */ = {isa = PBXBuildFile; fileRef = 49938D60237CACEC00A1F795 /* RepoTableViewCell.xib */; };
/* End PBXBuildFile section */

/* Begin PBXFileReference section */
		497B6D58237B1FD60025FDA6 /* GitHub Searcher.app */ = {isa = PBXFileReference; explicitFileType = wrapper.application; includeInIndex = 0; path = "GitHub Searcher.app"; sourceTree = BUILT_PRODUCTS_DIR; };
		497B6D5B237B1FD60025FDA6 /* AppDelegate.swift */ = {isa = PBXFileReference; lastKnownFileType = sourcecode.swift; path = AppDelegate.swift; sourceTree = "<group>"; };
		497B6D5D237B1FD60025FDA6 /* ViewController.swift */ = {isa = PBXFileReference; lastKnownFileType = sourcecode.swift; path = ViewController.swift; sourceTree = "<group>"; };
		497B6D60237B1FD60025FDA6 /* Base */ = {isa = PBXFileReference; lastKnownFileType = file.storyboard; name = Base; path = Base.lproj/Main.storyboard; sourceTree = "<group>"; };
		497B6D63237B1FD60025FDA6 /* GitHub_Searcher.xcdatamodel */ = {isa = PBXFileReference; lastKnownFileType = wrapper.xcdatamodel; path = GitHub_Searcher.xcdatamodel; sourceTree = "<group>"; };
		497B6D65237B1FD80025FDA6 /* Assets.xcassets */ = {isa = PBXFileReference; lastKnownFileType = folder.assetcatalog; path = Assets.xcassets; sourceTree = "<group>"; };
		497B6D68237B1FD80025FDA6 /* Base */ = {isa = PBXFileReference; lastKnownFileType = file.storyboard; name = Base; path = Base.lproj/LaunchScreen.storyboard; sourceTree = "<group>"; };
		497B6D6A237B1FD80025FDA6 /* Info.plist */ = {isa = PBXFileReference; lastKnownFileType = text.plist.xml; path = Info.plist; sourceTree = "<group>"; };
		497B6D72237B2AF20025FDA6 /* UserViewController.swift */ = {isa = PBXFileReference; lastKnownFileType = sourcecode.swift; path = UserViewController.swift; sourceTree = "<group>"; };
		497B6D7A237B45BA0025FDA6 /* UserNameTableViewCell.swift */ = {isa = PBXFileReference; lastKnownFileType = sourcecode.swift; path = UserNameTableViewCell.swift; sourceTree = "<group>"; };
		497B6D7B237B45BA0025FDA6 /* UserNameTableViewCell.xib */ = {isa = PBXFileReference; lastKnownFileType = file.xib; path = UserNameTableViewCell.xib; sourceTree = "<group>"; };
		49938D5F237CACEC00A1F795 /* RepoTableViewCell.swift */ = {isa = PBXFileReference; lastKnownFileType = sourcecode.swift; path = RepoTableViewCell.swift; sourceTree = "<group>"; };
		49938D60237CACEC00A1F795 /* RepoTableViewCell.xib */ = {isa = PBXFileReference; lastKnownFileType = file.xib; path = RepoTableViewCell.xib; sourceTree = "<group>"; };
/* End PBXFileReference section */

/* Begin PBXFrameworksBuildPhase section */
		497B6D55237B1FD60025FDA6 /* Frameworks */ = {
			isa = PBXFrameworksBuildPhase;
			buildActionMask = 2147483647;
			files = (
			);
			runOnlyForDeploymentPostprocessing = 0;
		};
/* End PBXFrameworksBuildPhase section */

/* Begin PBXGroup section */
		497B6D4F237B1FD60025FDA6 = {
			isa = PBXGroup;
			children = (
				497B6D7A237B45BA0025FDA6 /* UserNameTableViewCell.swift */,
				497B6D7B237B45BA0025FDA6 /* UserNameTableViewCell.xib */,
				497B6D5A237B1FD60025FDA6 /* GitHub Searcher */,
				497B6D59237B1FD60025FDA6 /* Products */,
			);
			sourceTree = "<group>";
		};
		497B6D59237B1FD60025FDA6 /* Products */ = {
			isa = PBXGroup;
			children = (
				497B6D58237B1FD60025FDA6 /* GitHub Searcher.app */,
			);
			name = Products;
			sourceTree = "<group>";
		};
		497B6D5A237B1FD60025FDA6 /* GitHub Searcher */ = {
			isa = PBXGroup;
			children = (
				497B6D5B237B1FD60025FDA6 /* AppDelegate.swift */,
				497B6D5D237B1FD60025FDA6 /* ViewController.swift */,
				497B6D5F237B1FD60025FDA6 /* Main.storyboard */,
				497B6D72237B2AF20025FDA6 /* UserViewController.swift */,
				49938D5F237CACEC00A1F795 /* RepoTableViewCell.swift */,
				49938D60237CACEC00A1F795 /* RepoTableViewCell.xib */,
				497B6D65237B1FD80025FDA6 /* Assets.xcassets */,
				497B6D67237B1FD80025FDA6 /* LaunchScreen.storyboard */,
				497B6D6A237B1FD80025FDA6 /* Info.plist */,
				497B6D62237B1FD60025FDA6 /* GitHub_Searcher.xcdatamodeld */,
			);
			path = "GitHub Searcher";
			sourceTree = "<group>";
		};
/* End PBXGroup section */

/* Begin PBXNativeTarget section */
		497B6D57237B1FD60025FDA6 /* GitHub Searcher */ = {
			isa = PBXNativeTarget;
			buildConfigurationList = 497B6D6D237B1FD80025FDA6 /* Build configuration list for PBXNativeTarget "GitHub Searcher" */;
			buildPhases = (
				497B6D54237B1FD60025FDA6 /* Sources */,
				497B6D55237B1FD60025FDA6 /* Frameworks */,
				497B6D56237B1FD60025FDA6 /* Resources */,
			);
			buildRules = (
			);
			dependencies = (
			);
			name = "GitHub Searcher";
			productName = "GitHub Searcher";
			productReference = 497B6D58237B1FD60025FDA6 /* GitHub Searcher.app */;
			productType = "com.apple.product-type.application";
		};
/* End PBXNativeTarget section */

/* Begin PBXProject section */
		497B6D50237B1FD60025FDA6 /* Project object */ = {
			isa = PBXProject;
			attributes = {
				LastSwiftUpdateCheck = 1030;
				LastUpgradeCheck = 1030;
				ORGANIZATIONNAME = IMCS2;
				TargetAttributes = {
					497B6D57237B1FD60025FDA6 = {
						CreatedOnToolsVersion = 10.3;
					};
				};
			};
			buildConfigurationList = 497B6D53237B1FD60025FDA6 /* Build configuration list for PBXProject "GitHub Searcher" */;
			compatibilityVersion = "Xcode 9.3";
			developmentRegion = en;
			hasScannedForEncodings = 0;
			knownRegions = (
				en,
				Base,
			);
			mainGroup = 497B6D4F237B1FD60025FDA6;
			productRefGroup = 497B6D59237B1FD60025FDA6 /* Products */;
			projectDirPath = "";
			projectRoot = "";
			targets = (
				497B6D57237B1FD60025FDA6 /* GitHub Searcher */,
			);
		};
/* End PBXProject section */

/* Begin PBXResourcesBuildPhase section */
		497B6D56237B1FD60025FDA6 /* Resources */ = {
			isa = PBXResourcesBuildPhase;
			buildActionMask = 2147483647;
			files = (
				497B6D69237B1FD80025FDA6 /* LaunchScreen.storyboard in Resources */,
				497B6D7D237B45BA0025FDA6 /* UserNameTableViewCell.xib in Resources */,
				497B6D66237B1FD80025FDA6 /* Assets.xcassets in Resources */,
				497B6D61237B1FD60025FDA6 /* Main.storyboard in Resources */,
				49938D62237CACEC00A1F795 /* RepoTableViewCell.xib in Resources */,
			);
			runOnlyForDeploymentPostprocessing = 0;
		};
/* End PBXResourcesBuildPhase section */

/* Begin PBXSourcesBuildPhase section */
		497B6D54237B1FD60025FDA6 /* Sources */ = {
			isa = PBXSourcesBuildPhase;
			buildActionMask = 2147483647;
			files = (
				497B6D7C237B45BA0025FDA6 /* UserNameTableViewCell.swift in Sources */,
				497B6D5E237B1FD60025FDA6 /* ViewController.swift in Sources */,
				497B6D73237B2AF20025FDA6 /* UserViewController.swift in Sources */,
				497B6D5C237B1FD60025FDA6 /* AppDelegate.swift in Sources */,
				497B6D64237B1FD60025FDA6 /* GitHub_Searcher.xcdatamodeld in Sources */,
				49938D61237CACEC00A1F795 /* RepoTableViewCell.swift in Sources */,
			);
			runOnlyForDeploymentPostprocessing = 0;
		};
/* End PBXSourcesBuildPhase section */

/* Begin PBXVariantGroup section */
		497B6D5F237B1FD60025FDA6 /* Main.storyboard */ = {
			isa = PBXVariantGroup;
			children = (
				497B6D60237B1FD60025FDA6 /* Base */,
			);
			name = Main.storyboard;
			sourceTree = "<group>";
		};
		497B6D67237B1FD80025FDA6 /* LaunchScreen.storyboard */ = {
			isa = PBXVariantGroup;
			children = (
				497B6D68237B1FD80025FDA6 /* Base */,
			);
			name = LaunchScreen.storyboard;
			sourceTree = "<group>";
		};
/* End PBXVariantGroup section */

/* Begin XCBuildConfiguration section */
		497B6D6B237B1FD80025FDA6 /* Debug */ = {
			isa = XCBuildConfiguration;
			buildSettings = {
				ALWAYS_SEARCH_USER_PATHS = NO;
				CLANG_ANALYZER_NONNULL = YES;
				CLANG_ANALYZER_NUMBER_OBJECT_CONVERSION = YES_AGGRESSIVE;
				CLANG_CXX_LANGUAGE_STANDARD = "gnu++14";
				CLANG_CXX_LIBRARY = "libc++";
				CLANG_ENABLE_MODULES = YES;
				CLANG_ENABLE_OBJC_ARC = YES;
				CLANG_ENABLE_OBJC_WEAK = YES;
				CLANG_WARN_BLOCK_CAPTURE_AUTORELEASING = YES;
				CLANG_WARN_BOOL_CONVERSION = YES;
				CLANG_WARN_COMMA = YES;
				CLANG_WARN_CONSTANT_CONVERSION = YES;
				CLANG_WARN_DEPRECATED_OBJC_IMPLEMENTATIONS = YES;
				CLANG_WARN_DIRECT_OBJC_ISA_USAGE = YES_ERROR;
				CLANG_WARN_DOCUMENTATION_COMMENTS = YES;
				CLANG_WARN_EMPTY_BODY = YES;
				CLANG_WARN_ENUM_CONVERSION = YES;
				CLANG_WARN_INFINITE_RECURSION = YES;
				CLANG_WARN_INT_CONVERSION = YES;
				CLANG_WARN_NON_LITERAL_NULL_CONVERSION = YES;
				CLANG_WARN_OBJC_IMPLICIT_RETAIN_SELF = YES;
				CLANG_WARN_OBJC_LITERAL_CONVERSION = YES;
				CLANG_WARN_OBJC_ROOT_CLASS = YES_ERROR;
				CLANG_WARN_RANGE_LOOP_ANALYSIS = YES;
				CLANG_WARN_STRICT_PROTOTYPES = YES;
				CLANG_WARN_SUSPICIOUS_MOVE = YES;
				CLANG_WARN_UNGUARDED_AVAILABILITY = YES_AGGRESSIVE;
				CLANG_WARN_UNREACHABLE_CODE = YES;
				CLANG_WARN__DUPLICATE_METHOD_MATCH = YES;
				CODE_SIGN_IDENTITY = "iPhone Developer";
				COPY_PHASE_STRIP = NO;
				DEBUG_INFORMATION_FORMAT = dwarf;
				ENABLE_STRICT_OBJC_MSGSEND = YES;
				ENABLE_TESTABILITY = YES;
				GCC_C_LANGUAGE_STANDARD = gnu11;
				GCC_DYNAMIC_NO_PIC = NO;
				GCC_NO_COMMON_BLOCKS = YES;
				GCC_OPTIMIZATION_LEVEL = 0;
				GCC_PREPROCESSOR_DEFINITIONS = (
					"DEBUG=1",
					"$(inherited)",
				);
				GCC_WARN_64_TO_32_BIT_CONVERSION = YES;
				GCC_WARN_ABOUT_RETURN_TYPE = YES_ERROR;
				GCC_WARN_UNDECLARED_SELECTOR = YES;
				GCC_WARN_UNINITIALIZED_AUTOS = YES_AGGRESSIVE;
				GCC_WARN_UNUSED_FUNCTION = YES;
				GCC_WARN_UNUSED_VARIABLE = YES;
				IPHONEOS_DEPLOYMENT_TARGET = 12.4;
				MTL_ENABLE_DEBUG_INFO = INCLUDE_SOURCE;
				MTL_FAST_MATH = YES;
				ONLY_ACTIVE_ARCH = YES;
				SDKROOT = iphoneos;
				SWIFT_ACTIVE_COMPILATION_CONDITIONS = DEBUG;
				SWIFT_OPTIMIZATION_LEVEL = "-Onone";
			};
			name = Debug;
		};
		497B6D6C237B1FD80025FDA6 /* Release */ = {
			isa = XCBuildConfiguration;
			buildSettings = {
				ALWAYS_SEARCH_USER_PATHS = NO;
				CLANG_ANALYZER_NONNULL = YES;
				CLANG_ANALYZER_NUMBER_OBJECT_CONVERSION = YES_AGGRESSIVE;
				CLANG_CXX_LANGUAGE_STANDARD = "gnu++14";
				CLANG_CXX_LIBRARY = "libc++";
				CLANG_ENABLE_MODULES = YES;
				CLANG_ENABLE_OBJC_ARC = YES;
				CLANG_ENABLE_OBJC_WEAK = YES;
				CLANG_WARN_BLOCK_CAPTURE_AUTORELEASING = YES;
				CLANG_WARN_BOOL_CONVERSION = YES;
				CLANG_WARN_COMMA = YES;
				CLANG_WARN_CONSTANT_CONVERSION = YES;
				CLANG_WARN_DEPRECATED_OBJC_IMPLEMENTATIONS = YES;
				CLANG_WARN_DIRECT_OBJC_ISA_USAGE = YES_ERROR;
				CLANG_WARN_DOCUMENTATION_COMMENTS = YES;
				CLANG_WARN_EMPTY_BODY = YES;
				CLANG_WARN_ENUM_CONVERSION = YES;
				CLANG_WARN_INFINITE_RECURSION = YES;
				CLANG_WARN_INT_CONVERSION = YES;
				CLANG_WARN_NON_LITERAL_NULL_CONVERSION = YES;
				CLANG_WARN_OBJC_IMPLICIT_RETAIN_SELF = YES;
				CLANG_WARN_OBJC_LITERAL_CONVERSION = YES;
				CLANG_WARN_OBJC_ROOT_CLASS = YES_ERROR;
				CLANG_WARN_RANGE_LOOP_ANALYSIS = YES;
				CLANG_WARN_STRICT_PROTOTYPES = YES;
				CLANG_WARN_SUSPICIOUS_MOVE = YES;
				CLANG_WARN_UNGUARDED_AVAILABILITY = YES_AGGRESSIVE;
				CLANG_WARN_UNREACHABLE_CODE = YES;
				CLANG_WARN__DUPLICATE_METHOD_MATCH = YES;
				CODE_SIGN_IDENTITY = "iPhone Developer";
				COPY_PHASE_STRIP = NO;
				DEBUG_INFORMATION_FORMAT = "dwarf-with-dsym";
				ENABLE_NS_ASSERTIONS = NO;
				ENABLE_STRICT_OBJC_MSGSEND = YES;
				GCC_C_LANGUAGE_STANDARD = gnu11;
				GCC_NO_COMMON_BLOCKS = YES;
				GCC_WARN_64_TO_32_BIT_CONVERSION = YES;
				GCC_WARN_ABOUT_RETURN_TYPE = YES_ERROR;
				GCC_WARN_UNDECLARED_SELECTOR = YES;
				GCC_WARN_UNINITIALIZED_AUTOS = YES_AGGRESSIVE;
				GCC_WARN_UNUSED_FUNCTION = YES;
				GCC_WARN_UNUSED_VARIABLE = YES;
				IPHONEOS_DEPLOYMENT_TARGET = 12.4;
				MTL_ENABLE_DEBUG_INFO = NO;
				MTL_FAST_MATH = YES;
				SDKROOT = iphoneos;
				SWIFT_COMPILATION_MODE = wholemodule;
				SWIFT_OPTIMIZATION_LEVEL = "-O";
				VALIDATE_PRODUCT = YES;
			};
			name = Release;
		};
		497B6D6E237B1FD80025FDA6 /* Debug */ = {
			isa = XCBuildConfiguration;
			buildSettings = {
				ASSETCATALOG_COMPILER_APPICON_NAME = AppIcon;
				CODE_SIGN_STYLE = Automatic;
				DEVELOPMENT_TEAM = PHL92A626T;
				INFOPLIST_FILE = "GitHub Searcher/Info.plist";
				LD_RUNPATH_SEARCH_PATHS = (
					"$(inherited)",
					"@executable_path/Frameworks",
				);
				PRODUCT_BUNDLE_IDENTIFIER = "imcs.GitHub-Searcher";
				PRODUCT_NAME = "$(TARGET_NAME)";
				SWIFT_VERSION = 5.0;
				TARGETED_DEVICE_FAMILY = "1,2";
			};
			name = Debug;
		};
		497B6D6F237B1FD80025FDA6 /* Release */ = {
			isa = XCBuildConfiguration;
			buildSettings = {
				ASSETCATALOG_COMPILER_APPICON_NAME = AppIcon;
				CODE_SIGN_STYLE = Automatic;
				DEVELOPMENT_TEAM = PHL92A626T;
				INFOPLIST_FILE = "GitHub Searcher/Info.plist";
				LD_RUNPATH_SEARCH_PATHS = (
					"$(inherited)",
					"@executable_path/Frameworks",
				);
				PRODUCT_BUNDLE_IDENTIFIER = "imcs.GitHub-Searcher";
				PRODUCT_NAME = "$(TARGET_NAME)";
				SWIFT_VERSION = 5.0;
				TARGETED_DEVICE_FAMILY = "1,2";
			};
			name = Release;
		};
/* End XCBuildConfiguration section */

/* Begin XCConfigurationList section */
		497B6D53237B1FD60025FDA6 /* Build configuration list for PBXProject "GitHub Searcher" */ = {
			isa = XCConfigurationList;
			buildConfigurations = (
				497B6D6B237B1FD80025FDA6 /* Debug */,
				497B6D6C237B1FD80025FDA6 /* Release */,
			);
			defaultConfigurationIsVisible = 0;
			defaultConfigurationName = Release;
		};
		497B6D6D237B1FD80025FDA6 /* Build configuration list for PBXNativeTarget "GitHub Searcher" */ = {
			isa = XCConfigurationList;
			buildConfigurations = (
				497B6D6E237B1FD80025FDA6 /* Debug */,
				497B6D6F237B1FD80025FDA6 /* Release */,
			);
			defaultConfigurationIsVisible = 0;
			defaultConfigurationName = Release;
		};
/* End XCConfigurationList section */

/* Begin XCVersionGroup section */
		497B6D62237B1FD60025FDA6 /* GitHub_Searcher.xcdatamodeld */ = {
			isa = XCVersionGroup;
			children = (
				497B6D63237B1FD60025FDA6 /* GitHub_Searcher.xcdatamodel */,
			);
			currentVersion = 497B6D63237B1FD60025FDA6 /* GitHub_Searcher.xcdatamodel */;
			path = GitHub_Searcher.xcdatamodeld;
			sourceTree = "<group>";
			versionGroupType = wrapper.xcdatamodel;
		};
/* End XCVersionGroup section */
	};
	rootObject = 497B6D50237B1FD60025FDA6 /* Project object */;
}
